
Microsoft Visual Studio Solution File, Format Version 12.00
# Visual Studio 15
Project("{FAE04EC0-301F-11D3-BF4B-00C04F79EFBC}") = "Oculus.Platform", "Oculus.Platform.csproj", "{0FAB433F-2385-B3BE-89FA-8C871A3C1DDF}"
EndProject
Project("{FAE04EC0-301F-11D3-BF4B-00C04F79EFBC}") = "Assembly-CSharp", "Assembly-CSharp.csproj", "{5FD67A6F-7F91-E49E-F315-1A55A67FCCE2}"
EndProject
Project("{FAE04EC0-301F-11D3-BF4B-00C04F79EFBC}") = "Meta.WitAi", "Meta.WitAi.csproj", "{C8A709E2-C93C-4FFB-1DE4-A76057818FA2}"
EndProject
Project("{FAE04EC0-301F-11D3-BF4B-00C04F79EFBC}") = "Oculus.Interaction", "Oculus.Interaction.csproj", "{E3537F77-9A83-7F0E-53D5-8510757EBC90}"
EndProject
Project("{FAE04EC0-301F-11D3-BF4B-00C04F79EFBC}") = "Oculus.VR", "Oculus.VR.csproj", "{018B60A2-CFBC-700A-1BFE-1CD529079E7A}"
EndProject
Project("{FAE04EC0-301F-11D3-BF4B-00C04F79EFBC}") = "Assembly-CSharp-Editor", "Assembly-CSharp-Editor.csproj", "{7536AA47-4A92-D373-66B7-F8197E141924}"
EndProject
Project("{FAE04EC0-301F-11D3-BF4B-00C04F79EFBC}") = "Febucci.TextAnimator.Runtime", "Febucci.TextAnimator.Runtime.csproj", "{1934AF4D-ED8E-9144-C6ED-3980DD3C3818}"
EndProject
Project("{FAE04EC0-301F-11D3-BF4B-00C04F79EFBC}") = "Meta.XR.BuildingBlocks", "Meta.XR.BuildingBlocks.csproj", "{D034C64C-B675-D7BD-36C9-C36254518DD8}"
EndProject
Project("{FAE04EC0-301F-11D3-BF4B-00C04F79EFBC}") = "VoiceSDK.Dictation.Runtime", "VoiceSDK.Dictation.Runtime.csproj", "{4C242D53-6BEC-663C-855D-BAF469BD8214}"
EndProject
Project("{FAE04EC0-301F-11D3-BF4B-00C04F79EFBC}") = "Meta.WitAi.Lib", "Meta.WitAi.Lib.csproj", "{6A8125FF-423E-4AFF-8B94-3BDAF6FADCFB}"
EndProject
Project("{FAE04EC0-301F-11D3-BF4B-00C04F79EFBC}") = "Meta.Voice.Hub.Runtime", "Meta.Voice.Hub.Runtime.csproj", "{1BAEA183-8606-B40A-00C2-79D9C91BCBA8}"
EndProject
Project("{FAE04EC0-301F-11D3-BF4B-00C04F79EFBC}") = "VoiceSDK.Runtime", "VoiceSDK.Runtime.csproj", "{6BF9BBE2-0E50-C0AA-395B-4F4D9D46A958}"
EndProject
Project("{FAE04EC0-301F-11D3-BF4B-00C04F79EFBC}") = "Oculus.Interaction.OVR.Samples", "Oculus.Interaction.OVR.Samples.csproj", "{F0658715-1C5D-06CD-3703-E5DEF244CB43}"
EndProject
Project("{FAE04EC0-301F-11D3-BF4B-00C04F79EFBC}") = "Oculus.Interaction.OVR", "Oculus.Interaction.OVR.csproj", "{8988F3B6-2AC4-2261-68BF-1812DE481BEA}"
EndProject
Project("{FAE04EC0-301F-11D3-BF4B-00C04F79EFBC}") = "AssistantCoreSDKRuntime", "AssistantCoreSDKRuntime.csproj", "{71C84156-3D64-A878-D1B7-F40C8E323842}"
EndProject
Project("{FAE04EC0-301F-11D3-BF4B-00C04F79EFBC}") = "Meta.WitAi.Conduit", "Meta.WitAi.Conduit.csproj", "{6B26566B-D22D-FA30-96A5-4FB60D7ADD13}"
EndProject
Project("{FAE04EC0-301F-11D3-BF4B-00C04F79EFBC}") = "Oculus.AudioManager", "Oculus.AudioManager.csproj", "{B03804DF-7EB0-9217-979C-AE124E8CD176}"
EndProject
Project("{FAE04EC0-301F-11D3-BF4B-00C04F79EFBC}") = "Febucci.TextAnimator.Demo.Runtime", "Febucci.TextAnimator.Demo.Runtime.csproj", "{27814B43-4853-AE81-6126-1A49D752E2D8}"
EndProject
Project("{FAE04EC0-301F-11D3-BF4B-00C04F79EFBC}") = "Oculus.LipSync", "Oculus.LipSync.csproj", "{B72CF9B0-B339-0E8B-0CCE-CEBBA1BA198C}"
EndProject
Project("{FAE04EC0-301F-11D3-BF4B-00C04F79EFBC}") = "Oculus.Spatializer", "Oculus.Spatializer.csproj", "{3E0C0C02-835C-EFE1-1489-33B1F70FE27A}"
EndProject
Project("{FAE04EC0-301F-11D3-BF4B-00C04F79EFBC}") = "Meta.Voice.Samples.Shapes", "Meta.Voice.Samples.Shapes.csproj", "{BA7B1F22-E9E1-8AFC-C863-2A0EDBE3C5D8}"
EndProject
Project("{FAE04EC0-301F-11D3-BF4B-00C04F79EFBC}") = "Meta.WitAi.TTS", "Meta.WitAi.TTS.csproj", "{BE73F970-A0EB-576D-C990-F5F6FEF2C926}"
EndProject
Project("{FAE04EC0-301F-11D3-BF4B-00C04F79EFBC}") = "Meta.Voice.Samples.TTSVoices", "Meta.Voice.Samples.TTSVoices.csproj", "{712BBC9F-6F0B-A2FF-68EA-122C3E584E18}"
EndProject
Project("{FAE04EC0-301F-11D3-BF4B-00C04F79EFBC}") = "Febucci.Attributes.Runtime", "Febucci.Attributes.Runtime.csproj", "{DD55A4FF-C151-AD10-A1AA-5568ADA90BDC}"
EndProject
Project("{FAE04EC0-301F-11D3-BF4B-00C04F79EFBC}") = "Meta.VoiceSDK.Mic.Other", "Meta.VoiceSDK.Mic.Other.csproj", "{102E033A-7227-4CD3-F4CF-2953D7461083}"
EndProject
Project("{FAE04EC0-301F-11D3-BF4B-00C04F79EFBC}") = "Febucci.TextAnimator.TMP.Runtime", "Febucci.TextAnimator.TMP.Runtime.csproj", "{14EC484F-ACDD-BD58-1FF7-1C2642632E1C}"
EndProject
Project("{FAE04EC0-301F-11D3-BF4B-00C04F79EFBC}") = "Meta.Voice.Samples.Chess", "Meta.Voice.Samples.Chess.csproj", "{63C2893D-407E-672F-E520-9EA8A60372EB}"
EndProject
Project("{FAE04EC0-301F-11D3-BF4B-00C04F79EFBC}") = "Meta.VoiceSDK.Mic.WebGL", "Meta.VoiceSDK.Mic.WebGL.csproj", "{D43A7E06-4D01-8646-88B4-287B836CA49B}"
EndProject
Project("{FAE04EC0-301F-11D3-BF4B-00C04F79EFBC}") = "Meta.VoiceSDK.Mic.Common", "Meta.VoiceSDK.Mic.Common.csproj", "{06073199-3E48-5BDA-7F9E-ACCD5755ECC7}"
EndProject
Project("{FAE04EC0-301F-11D3-BF4B-00C04F79EFBC}") = "Facebook.Wit.Dictation", "Facebook.Wit.Dictation.csproj", "{66CCF5BC-2455-8D30-8F72-A47C89DD736A}"
EndProject
Project("{FAE04EC0-301F-11D3-BF4B-00C04F79EFBC}") = "Meta.Voice.Samples.LightTraits", "Meta.Voice.Samples.LightTraits.csproj", "{6649B06E-E889-3995-2CBC-50EE2EFBF0FA}"
EndProject
Project("{FAE04EC0-301F-11D3-BF4B-00C04F79EFBC}") = "Meta.Voice.Samples.ShapesConduit", "Meta.Voice.Samples.ShapesConduit.csproj", "{57725A1F-BED6-61B6-E074-937C573B7070}"
EndProject
Project("{FAE04EC0-301F-11D3-BF4B-00C04F79EFBC}") = "Meta.Voice.Samples.BuiltInTimer", "Meta.Voice.Samples.BuiltInTimer.csproj", "{231C0F82-86C6-8BD1-4E0C-C26F199E0D87}"
EndProject
Project("{FAE04EC0-301F-11D3-BF4B-00C04F79EFBC}") = "Meta.Voice.Samples.LiveUnderstanding", "Meta.Voice.Samples.LiveUnderstanding.csproj", "{59357BDB-D037-50A5-6C65-F530B083B999}"
EndProject
Project("{FAE04EC0-301F-11D3-BF4B-00C04F79EFBC}") = "Meta.Voice.Samples.Dictation", "Meta.Voice.Samples.Dictation.csproj", "{3EAFB6AB-A86B-3BF9-8035-D0FE40893D57}"
EndProject
Project("{FAE04EC0-301F-11D3-BF4B-00C04F79EFBC}") = "BNGHandPoseID", "BNGHandPoseID.csproj", "{CF5C4034-DB7C-DCFF-AF08-7ED6ED8BEEF2}"
EndProject
Project("{FAE04EC0-301F-11D3-BF4B-00C04F79EFBC}") = "Meta.WitAi.Editor", "Meta.WitAi.Editor.csproj", "{A73BAC5C-729C-2C42-E2A7-E5280C5C4449}"
EndProject
Project("{FAE04EC0-301F-11D3-BF4B-00C04F79EFBC}") = "Febucci.TextAnimator.Editor", "Febucci.TextAnimator.Editor.csproj", "{FCCC7AE7-31A0-66D9-61C5-5FD92651029E}"
EndProject
Project("{FAE04EC0-301F-11D3-BF4B-00C04F79EFBC}") = "Meta.WitAI.Lib.Editor", "Meta.WitAI.Lib.Editor.csproj", "{6A08DE7D-68D7-50DF-C794-8BB9C636827E}"
EndProject
Project("{FAE04EC0-301F-11D3-BF4B-00C04F79EFBC}") = "Oculus.VR.Editor", "Oculus.VR.Editor.csproj", "{7F05825E-E608-202B-53BA-1D3397B57956}"
EndProject
Project("{FAE04EC0-301F-11D3-BF4B-00C04F79EFBC}") = "Meta.WitAi.Conduit.Editor", "Meta.WitAi.Conduit.Editor.csproj", "{AFCEFC8A-4364-C328-D766-3E39A7304C8C}"
EndProject
Project("{FAE04EC0-301F-11D3-BF4B-00C04F79EFBC}") = "Meta.Voice.Hub.Editor", "Meta.Voice.Hub.Editor.csproj", "{E49E3EB7-F51B-5CEF-BD5C-449501CE8D60}"
EndProject
Project("{FAE04EC0-301F-11D3-BF4B-00C04F79EFBC}") = "VoiceSDK.Telemetry", "VoiceSDK.Telemetry.csproj", "{E1F2ED5B-B5C7-C2B8-14BC-B9446CE38EB3}"
EndProject
Project("{FAE04EC0-301F-11D3-BF4B-00C04F79EFBC}") = "Oculus.Interaction.Editor", "Oculus.Interaction.Editor.csproj", "{A4E5F67E-F70D-3FA4-C85A-3B89275355F8}"
EndProject
Project("{FAE04EC0-301F-11D3-BF4B-00C04F79EFBC}") = "Oculus.Interaction.OVR.Editor", "Oculus.Interaction.OVR.Editor.csproj", "{B49B4C17-EE5F-FCC6-959B-3FC100BE8424}"
EndProject
Project("{FAE04EC0-301F-11D3-BF4B-00C04F79EFBC}") = "Meta.XR.BuildingBlocks.Editor", "Meta.XR.BuildingBlocks.Editor.csproj", "{76D6CDDA-4C4B-387E-7912-984A0EE6B365}"
EndProject
Project("{FAE04EC0-301F-11D3-BF4B-00C04F79EFBC}") = "Oculus.VR.Scripts.Editor", "Oculus.VR.Scripts.Editor.csproj", "{FBA66A29-8424-F252-E6BE-B3F4BEDB1CD9}"
EndProject
Project("{FAE04EC0-301F-11D3-BF4B-00C04F79EFBC}") = "Febucci.Attributes.Editor", "Febucci.Attributes.Editor.csproj", "{B59D7634-3933-0C64-C847-854642336483}"
EndProject
Project("{FAE04EC0-301F-11D3-BF4B-00C04F79EFBC}") = "Oculus.Spatializer.Editor", "Oculus.Spatializer.Editor.csproj", "{EB6043CC-BABD-C655-1763-3A640862B5FF}"
EndProject
Project("{FAE04EC0-301F-11D3-BF4B-00C04F79EFBC}") = "Meta.WitAi.TTS.Editor", "Meta.WitAi.TTS.Editor.csproj", "{389AE59F-7149-1576-1099-C11662A53480}"
EndProject
Project("{FAE04EC0-301F-11D3-BF4B-00C04F79EFBC}") = "VoiceSDK.Dictation.Editor", "VoiceSDK.Dictation.Editor.csproj", "{516B8AE4-8905-F954-071F-E6AF16249135}"
EndProject
Project("{FAE04EC0-301F-11D3-BF4B-00C04F79EFBC}") = "Oculus.Platform.Editor", "Oculus.Platform.Editor.csproj", "{7238100F-FEB0-00BA-C906-985E909B064D}"
EndProject
Project("{FAE04EC0-301F-11D3-BF4B-00C04F79EFBC}") = "VoiceSDK.Editor", "VoiceSDK.Editor.csproj", "{356CE9C2-0DE1-8F21-ABEC-11AF9AA5729C}"
EndProject
Project("{FAE04EC0-301F-11D3-BF4B-00C04F79EFBC}") = "Oculus.AudioManager.Audio.Editor", "Oculus.AudioManager.Audio.Editor.csproj", "{D4E91F4C-4EFA-90E2-D380-99DB8799FACD}"
EndProject
Project("{FAE04EC0-301F-11D3-BF4B-00C04F79EFBC}") = "Oculus.LipSync.Editor", "Oculus.LipSync.Editor.csproj", "{844923A3-A4A7-15A6-156B-A5EDF836C6F2}"
EndProject
Project("{FAE04EC0-301F-11D3-BF4B-00C04F79EFBC}") = "Oculus.AudioManager.Utils.Editor", "Oculus.AudioManager.Utils.Editor.csproj", "{9DA4C7D0-5D3D-DF45-F24A-21AE153E9B11}"
EndProject
Project("{FAE04EC0-301F-11D3-BF4B-00C04F79EFBC}") = "Oculus.Interaction.Samples.Editor", "Oculus.Interaction.Samples.Editor.csproj", "{112F45FE-129C-BC90-D0E7-80463267BD01}"
EndProject
Project("{FAE04EC0-301F-11D3-BF4B-00C04F79EFBC}") = "Facebook.Wit.Dictation.Editor", "Facebook.Wit.Dictation.Editor.csproj", "{419390E6-920A-FA03-EDBC-71AFAFB60EDA}"
EndProject
Project("{FAE04EC0-301F-11D3-BF4B-00C04F79EFBC}") = "Oculus.Interaction.InterfaceSupport", "Oculus.Interaction.InterfaceSupport.csproj", "{1B40972E-341E-1EAC-AD15-89547E43631F}"
EndProject
Project("{FAE04EC0-301F-11D3-BF4B-00C04F79EFBC}") = "Meta.Voice.VSDKHub.Editor", "Meta.Voice.VSDKHub.Editor.csproj", "{4658DD22-C65F-DFBF-853F-A606726E6344}"
EndProject
Project("{FAE04EC0-301F-11D3-BF4B-00C04F79EFBC}") = "AssistantCoreSDKEditor", "AssistantCoreSDKEditor.csproj", "{1633B695-85B0-8DE5-EDED-D21BC075A463}"
EndProject
Global
	GlobalSection(SolutionConfigurationPlatforms) = preSolution
		Debug|Any CPU = Debug|Any CPU
		Release|Any CPU = Release|Any CPU
	EndGlobalSection
	GlobalSection(ProjectConfigurationPlatforms) = postSolution
		{0FAB433F-2385-B3BE-89FA-8C871A3C1DDF}.Debug|Any CPU.ActiveCfg = Debug|Any CPU
		{0FAB433F-2385-B3BE-89FA-8C871A3C1DDF}.Debug|Any CPU.Build.0 = Debug|Any CPU
		{0FAB433F-2385-B3BE-89FA-8C871A3C1DDF}.Release|Any CPU.ActiveCfg = Release|Any CPU
		{0FAB433F-2385-B3BE-89FA-8C871A3C1DDF}.Release|Any CPU.Build.0 = Release|Any CPU
		{5FD67A6F-7F91-E49E-F315-1A55A67FCCE2}.Debug|Any CPU.ActiveCfg = Debug|Any CPU
		{5FD67A6F-7F91-E49E-F315-1A55A67FCCE2}.Debug|Any CPU.Build.0 = Debug|Any CPU
		{5FD67A6F-7F91-E49E-F315-1A55A67FCCE2}.Release|Any CPU.ActiveCfg = Release|Any CPU
		{5FD67A6F-7F91-E49E-F315-1A55A67FCCE2}.Release|Any CPU.Build.0 = Release|Any CPU
		{C8A709E2-C93C-4FFB-1DE4-A76057818FA2}.Debug|Any CPU.ActiveCfg = Debug|Any CPU
		{C8A709E2-C93C-4FFB-1DE4-A76057818FA2}.Debug|Any CPU.Build.0 = Debug|Any CPU
		{C8A709E2-C93C-4FFB-1DE4-A76057818FA2}.Release|Any CPU.ActiveCfg = Release|Any CPU
		{C8A709E2-C93C-4FFB-1DE4-A76057818FA2}.Release|Any CPU.Build.0 = Release|Any CPU
		{E3537F77-9A83-7F0E-53D5-8510757EBC90}.Debug|Any CPU.ActiveCfg = Debug|Any CPU
		{E3537F77-9A83-7F0E-53D5-8510757EBC90}.Debug|Any CPU.Build.0 = Debug|Any CPU
		{E3537F77-9A83-7F0E-53D5-8510757EBC90}.Release|Any CPU.ActiveCfg = Release|Any CPU
		{E3537F77-9A83-7F0E-53D5-8510757EBC90}.Release|Any CPU.Build.0 = Release|Any CPU
		{018B60A2-CFBC-700A-1BFE-1CD529079E7A}.Debug|Any CPU.ActiveCfg = Debug|Any CPU
		{018B60A2-CFBC-700A-1BFE-1CD529079E7A}.Debug|Any CPU.Build.0 = Debug|Any CPU
		{018B60A2-CFBC-700A-1BFE-1CD529079E7A}.Release|Any CPU.ActiveCfg = Release|Any CPU
		{018B60A2-CFBC-700A-1BFE-1CD529079E7A}.Release|Any CPU.Build.0 = Release|Any CPU
		{7536AA47-4A92-D373-66B7-F8197E141924}.Debug|Any CPU.ActiveCfg = Debug|Any CPU
		{7536AA47-4A92-D373-66B7-F8197E141924}.Debug|Any CPU.Build.0 = Debug|Any CPU
		{7536AA47-4A92-D373-66B7-F8197E141924}.Release|Any CPU.ActiveCfg = Release|Any CPU
		{7536AA47-4A92-D373-66B7-F8197E141924}.Release|Any CPU.Build.0 = Release|Any CPU
		{1934AF4D-ED8E-9144-C6ED-3980DD3C3818}.Debug|Any CPU.ActiveCfg = Debug|Any CPU
		{1934AF4D-ED8E-9144-C6ED-3980DD3C3818}.Debug|Any CPU.Build.0 = Debug|Any CPU
		{1934AF4D-ED8E-9144-C6ED-3980DD3C3818}.Release|Any CPU.ActiveCfg = Release|Any CPU
		{1934AF4D-ED8E-9144-C6ED-3980DD3C3818}.Release|Any CPU.Build.0 = Release|Any CPU
		{D034C64C-B675-D7BD-36C9-C36254518DD8}.Debug|Any CPU.ActiveCfg = Debug|Any CPU
		{D034C64C-B675-D7BD-36C9-C36254518DD8}.Debug|Any CPU.Build.0 = Debug|Any CPU
		{D034C64C-B675-D7BD-36C9-C36254518DD8}.Release|Any CPU.ActiveCfg = Release|Any CPU
		{D034C64C-B675-D7BD-36C9-C36254518DD8}.Release|Any CPU.Build.0 = Release|Any CPU
		{4C242D53-6BEC-663C-855D-BAF469BD8214}.Debug|Any CPU.ActiveCfg = Debug|Any CPU
		{4C242D53-6BEC-663C-855D-BAF469BD8214}.Debug|Any CPU.Build.0 = Debug|Any CPU
		{4C242D53-6BEC-663C-855D-BAF469BD8214}.Release|Any CPU.ActiveCfg = Release|Any CPU
		{4C242D53-6BEC-663C-855D-BAF469BD8214}.Release|Any CPU.Build.0 = Release|Any CPU
		{6A8125FF-423E-4AFF-8B94-3BDAF6FADCFB}.Debug|Any CPU.ActiveCfg = Debug|Any CPU
		{6A8125FF-423E-4AFF-8B94-3BDAF6FADCFB}.Debug|Any CPU.Build.0 = Debug|Any CPU
		{6A8125FF-423E-4AFF-8B94-3BDAF6FADCFB}.Release|Any CPU.ActiveCfg = Release|Any CPU
		{6A8125FF-423E-4AFF-8B94-3BDAF6FADCFB}.Release|Any CPU.Build.0 = Release|Any CPU
		{1BAEA183-8606-B40A-00C2-79D9C91BCBA8}.Debug|Any CPU.ActiveCfg = Debug|Any CPU
		{1BAEA183-8606-B40A-00C2-79D9C91BCBA8}.Debug|Any CPU.Build.0 = Debug|Any CPU
		{1BAEA183-8606-B40A-00C2-79D9C91BCBA8}.Release|Any CPU.ActiveCfg = Release|Any CPU
		{1BAEA183-8606-B40A-00C2-79D9C91BCBA8}.Release|Any CPU.Build.0 = Release|Any CPU
		{6BF9BBE2-0E50-C0AA-395B-4F4D9D46A958}.Debug|Any CPU.ActiveCfg = Debug|Any CPU
		{6BF9BBE2-0E50-C0AA-395B-4F4D9D46A958}.Debug|Any CPU.Build.0 = Debug|Any CPU
		{6BF9BBE2-0E50-C0AA-395B-4F4D9D46A958}.Release|Any CPU.ActiveCfg = Release|Any CPU
		{6BF9BBE2-0E50-C0AA-395B-4F4D9D46A958}.Release|Any CPU.Build.0 = Release|Any CPU
		{F0658715-1C5D-06CD-3703-E5DEF244CB43}.Debug|Any CPU.ActiveCfg = Debug|Any CPU
		{F0658715-1C5D-06CD-3703-E5DEF244CB43}.Debug|Any CPU.Build.0 = Debug|Any CPU
		{F0658715-1C5D-06CD-3703-E5DEF244CB43}.Release|Any CPU.ActiveCfg = Release|Any CPU
		{F0658715-1C5D-06CD-3703-E5DEF244CB43}.Release|Any CPU.Build.0 = Release|Any CPU
		{8988F3B6-2AC4-2261-68BF-1812DE481BEA}.Debug|Any CPU.ActiveCfg = Debug|Any CPU
		{8988F3B6-2AC4-2261-68BF-1812DE481BEA}.Debug|Any CPU.Build.0 = Debug|Any CPU
		{8988F3B6-2AC4-2261-68BF-1812DE481BEA}.Release|Any CPU.ActiveCfg = Release|Any CPU
		{8988F3B6-2AC4-2261-68BF-1812DE481BEA}.Release|Any CPU.Build.0 = Release|Any CPU
		{71C84156-3D64-A878-D1B7-F40C8E323842}.Debug|Any CPU.ActiveCfg = Debug|Any CPU
		{71C84156-3D64-A878-D1B7-F40C8E323842}.Debug|Any CPU.Build.0 = Debug|Any CPU
		{71C84156-3D64-A878-D1B7-F40C8E323842}.Release|Any CPU.ActiveCfg = Release|Any CPU
		{71C84156-3D64-A878-D1B7-F40C8E323842}.Release|Any CPU.Build.0 = Release|Any CPU
		{6B26566B-D22D-FA30-96A5-4FB60D7ADD13}.Debug|Any CPU.ActiveCfg = Debug|Any CPU
		{6B26566B-D22D-FA30-96A5-4FB60D7ADD13}.Debug|Any CPU.Build.0 = Debug|Any CPU
		{6B26566B-D22D-FA30-96A5-4FB60D7ADD13}.Release|Any CPU.ActiveCfg = Release|Any CPU
		{6B26566B-D22D-FA30-96A5-4FB60D7ADD13}.Release|Any CPU.Build.0 = Release|Any CPU
		{B03804DF-7EB0-9217-979C-AE124E8CD176}.Debug|Any CPU.ActiveCfg = Debug|Any CPU
		{B03804DF-7EB0-9217-979C-AE124E8CD176}.Debug|Any CPU.Build.0 = Debug|Any CPU
		{B03804DF-7EB0-9217-979C-AE124E8CD176}.Release|Any CPU.ActiveCfg = Release|Any CPU
		{B03804DF-7EB0-9217-979C-AE124E8CD176}.Release|Any CPU.Build.0 = Release|Any CPU
		{27814B43-4853-AE81-6126-1A49D752E2D8}.Debug|Any CPU.ActiveCfg = Debug|Any CPU
		{27814B43-4853-AE81-6126-1A49D752E2D8}.Debug|Any CPU.Build.0 = Debug|Any CPU
		{27814B43-4853-AE81-6126-1A49D752E2D8}.Release|Any CPU.ActiveCfg = Release|Any CPU
		{27814B43-4853-AE81-6126-1A49D752E2D8}.Release|Any CPU.Build.0 = Release|Any CPU
		{B72CF9B0-B339-0E8B-0CCE-CEBBA1BA198C}.Debug|Any CPU.ActiveCfg = Debug|Any CPU
		{B72CF9B0-B339-0E8B-0CCE-CEBBA1BA198C}.Debug|Any CPU.Build.0 = Debug|Any CPU
		{B72CF9B0-B339-0E8B-0CCE-CEBBA1BA198C}.Release|Any CPU.ActiveCfg = Release|Any CPU
		{B72CF9B0-B339-0E8B-0CCE-CEBBA1BA198C}.Release|Any CPU.Build.0 = Release|Any CPU
		{3E0C0C02-835C-EFE1-1489-33B1F70FE27A}.Debug|Any CPU.ActiveCfg = Debug|Any CPU
		{3E0C0C02-835C-EFE1-1489-33B1F70FE27A}.Debug|Any CPU.Build.0 = Debug|Any CPU
		{3E0C0C02-835C-EFE1-1489-33B1F70FE27A}.Release|Any CPU.ActiveCfg = Release|Any CPU
		{3E0C0C02-835C-EFE1-1489-33B1F70FE27A}.Release|Any CPU.Build.0 = Release|Any CPU
		{BA7B1F22-E9E1-8AFC-C863-2A0EDBE3C5D8}.Debug|Any CPU.ActiveCfg = Debug|Any CPU
		{BA7B1F22-E9E1-8AFC-C863-2A0EDBE3C5D8}.Debug|Any CPU.Build.0 = Debug|Any CPU
		{BA7B1F22-E9E1-8AFC-C863-2A0EDBE3C5D8}.Release|Any CPU.ActiveCfg = Release|Any CPU
		{BA7B1F22-E9E1-8AFC-C863-2A0EDBE3C5D8}.Release|Any CPU.Build.0 = Release|Any CPU
		{BE73F970-A0EB-576D-C990-F5F6FEF2C926}.Debug|Any CPU.ActiveCfg = Debug|Any CPU
		{BE73F970-A0EB-576D-C990-F5F6FEF2C926}.Debug|Any CPU.Build.0 = Debug|Any CPU
		{BE73F970-A0EB-576D-C990-F5F6FEF2C926}.Release|Any CPU.ActiveCfg = Release|Any CPU
		{BE73F970-A0EB-576D-C990-F5F6FEF2C926}.Release|Any CPU.Build.0 = Release|Any CPU
		{712BBC9F-6F0B-A2FF-68EA-122C3E584E18}.Debug|Any CPU.ActiveCfg = Debug|Any CPU
		{712BBC9F-6F0B-A2FF-68EA-122C3E584E18}.Debug|Any CPU.Build.0 = Debug|Any CPU
		{712BBC9F-6F0B-A2FF-68EA-122C3E584E18}.Release|Any CPU.ActiveCfg = Release|Any CPU
		{712BBC9F-6F0B-A2FF-68EA-122C3E584E18}.Release|Any CPU.Build.0 = Release|Any CPU
		{DD55A4FF-C151-AD10-A1AA-5568ADA90BDC}.Debug|Any CPU.ActiveCfg = Debug|Any CPU
		{DD55A4FF-C151-AD10-A1AA-5568ADA90BDC}.Debug|Any CPU.Build.0 = Debug|Any CPU
		{DD55A4FF-C151-AD10-A1AA-5568ADA90BDC}.Release|Any CPU.ActiveCfg = Release|Any CPU
		{DD55A4FF-C151-AD10-A1AA-5568ADA90BDC}.Release|Any CPU.Build.0 = Release|Any CPU
		{102E033A-7227-4CD3-F4CF-2953D7461083}.Debug|Any CPU.ActiveCfg = Debug|Any CPU
		{102E033A-7227-4CD3-F4CF-2953D7461083}.Debug|Any CPU.Build.0 = Debug|Any CPU
		{102E033A-7227-4CD3-F4CF-2953D7461083}.Release|Any CPU.ActiveCfg = Release|Any CPU
		{102E033A-7227-4CD3-F4CF-2953D7461083}.Release|Any CPU.Build.0 = Release|Any CPU
		{14EC484F-ACDD-BD58-1FF7-1C2642632E1C}.Debug|Any CPU.ActiveCfg = Debug|Any CPU
		{14EC484F-ACDD-BD58-1FF7-1C2642632E1C}.Debug|Any CPU.Build.0 = Debug|Any CPU
		{14EC484F-ACDD-BD58-1FF7-1C2642632E1C}.Release|Any CPU.ActiveCfg = Release|Any CPU
		{14EC484F-ACDD-BD58-1FF7-1C2642632E1C}.Release|Any CPU.Build.0 = Release|Any CPU
		{63C2893D-407E-672F-E520-9EA8A60372EB}.Debug|Any CPU.ActiveCfg = Debug|Any CPU
		{63C2893D-407E-672F-E520-9EA8A60372EB}.Debug|Any CPU.Build.0 = Debug|Any CPU
		{63C2893D-407E-672F-E520-9EA8A60372EB}.Release|Any CPU.ActiveCfg = Release|Any CPU
		{63C2893D-407E-672F-E520-9EA8A60372EB}.Release|Any CPU.Build.0 = Release|Any CPU
		{D43A7E06-4D01-8646-88B4-287B836CA49B}.Debug|Any CPU.ActiveCfg = Debug|Any CPU
		{D43A7E06-4D01-8646-88B4-287B836CA49B}.Debug|Any CPU.Build.0 = Debug|Any CPU
		{D43A7E06-4D01-8646-88B4-287B836CA49B}.Release|Any CPU.ActiveCfg = Release|Any CPU
		{D43A7E06-4D01-8646-88B4-287B836CA49B}.Release|Any CPU.Build.0 = Release|Any CPU
		{06073199-3E48-5BDA-7F9E-ACCD5755ECC7}.Debug|Any CPU.ActiveCfg = Debug|Any CPU
		{06073199-3E48-5BDA-7F9E-ACCD5755ECC7}.Debug|Any CPU.Build.0 = Debug|Any CPU
		{06073199-3E48-5BDA-7F9E-ACCD5755ECC7}.Release|Any CPU.ActiveCfg = Release|Any CPU
		{06073199-3E48-5BDA-7F9E-ACCD5755ECC7}.Release|Any CPU.Build.0 = Release|Any CPU
		{66CCF5BC-2455-8D30-8F72-A47C89DD736A}.Debug|Any CPU.ActiveCfg = Debug|Any CPU
		{66CCF5BC-2455-8D30-8F72-A47C89DD736A}.Debug|Any CPU.Build.0 = Debug|Any CPU
		{66CCF5BC-2455-8D30-8F72-A47C89DD736A}.Release|Any CPU.ActiveCfg = Release|Any CPU
		{66CCF5BC-2455-8D30-8F72-A47C89DD736A}.Release|Any CPU.Build.0 = Release|Any CPU
		{6649B06E-E889-3995-2CBC-50EE2EFBF0FA}.Debug|Any CPU.ActiveCfg = Debug|Any CPU
		{6649B06E-E889-3995-2CBC-50EE2EFBF0FA}.Debug|Any CPU.Build.0 = Debug|Any CPU
		{6649B06E-E889-3995-2CBC-50EE2EFBF0FA}.Release|Any CPU.ActiveCfg = Release|Any CPU
		{6649B06E-E889-3995-2CBC-50EE2EFBF0FA}.Release|Any CPU.Build.0 = Release|Any CPU
		{57725A1F-BED6-61B6-E074-937C573B7070}.Debug|Any CPU.ActiveCfg = Debug|Any CPU
		{57725A1F-BED6-61B6-E074-937C573B7070}.Debug|Any CPU.Build.0 = Debug|Any CPU
		{57725A1F-BED6-61B6-E074-937C573B7070}.Release|Any CPU.ActiveCfg = Release|Any CPU
		{57725A1F-BED6-61B6-E074-937C573B7070}.Release|Any CPU.Build.0 = Release|Any CPU
		{231C0F82-86C6-8BD1-4E0C-C26F199E0D87}.Debug|Any CPU.ActiveCfg = Debug|Any CPU
		{231C0F82-86C6-8BD1-4E0C-C26F199E0D87}.Debug|Any CPU.Build.0 = Debug|Any CPU
		{231C0F82-86C6-8BD1-4E0C-C26F199E0D87}.Release|Any CPU.ActiveCfg = Release|Any CPU
		{231C0F82-86C6-8BD1-4E0C-C26F199E0D87}.Release|Any CPU.Build.0 = Release|Any CPU
		{59357BDB-D037-50A5-6C65-F530B083B999}.Debug|Any CPU.ActiveCfg = Debug|Any CPU
		{59357BDB-D037-50A5-6C65-F530B083B999}.Debug|Any CPU.Build.0 = Debug|Any CPU
		{59357BDB-D037-50A5-6C65-F530B083B999}.Release|Any CPU.ActiveCfg = Release|Any CPU
		{59357BDB-D037-50A5-6C65-F530B083B999}.Release|Any CPU.Build.0 = Release|Any CPU
		{3EAFB6AB-A86B-3BF9-8035-D0FE40893D57}.Debug|Any CPU.ActiveCfg = Debug|Any CPU
		{3EAFB6AB-A86B-3BF9-8035-D0FE40893D57}.Debug|Any CPU.Build.0 = Debug|Any CPU
		{3EAFB6AB-A86B-3BF9-8035-D0FE40893D57}.Release|Any CPU.ActiveCfg = Release|Any CPU
		{3EAFB6AB-A86B-3BF9-8035-D0FE40893D57}.Release|Any CPU.Build.0 = Release|Any CPU
		{CF5C4034-DB7C-DCFF-AF08-7ED6ED8BEEF2}.Debug|Any CPU.ActiveCfg = Debug|Any CPU
		{CF5C4034-DB7C-DCFF-AF08-7ED6ED8BEEF2}.Debug|Any CPU.Build.0 = Debug|Any CPU
		{CF5C4034-DB7C-DCFF-AF08-7ED6ED8BEEF2}.Release|Any CPU.ActiveCfg = Release|Any CPU
		{CF5C4034-DB7C-DCFF-AF08-7ED6ED8BEEF2}.Release|Any CPU.Build.0 = Release|Any CPU
		{A73BAC5C-729C-2C42-E2A7-E5280C5C4449}.Debug|Any CPU.ActiveCfg = Debug|Any CPU
		{A73BAC5C-729C-2C42-E2A7-E5280C5C4449}.Debug|Any CPU.Build.0 = Debug|Any CPU
		{A73BAC5C-729C-2C42-E2A7-E5280C5C4449}.Release|Any CPU.ActiveCfg = Release|Any CPU
		{A73BAC5C-729C-2C42-E2A7-E5280C5C4449}.Release|Any CPU.Build.0 = Release|Any CPU
		{FCCC7AE7-31A0-66D9-61C5-5FD92651029E}.Debug|Any CPU.ActiveCfg = Debug|Any CPU
		{FCCC7AE7-31A0-66D9-61C5-5FD92651029E}.Debug|Any CPU.Build.0 = Debug|Any CPU
		{FCCC7AE7-31A0-66D9-61C5-5FD92651029E}.Release|Any CPU.ActiveCfg = Release|Any CPU
		{FCCC7AE7-31A0-66D9-61C5-5FD92651029E}.Release|Any CPU.Build.0 = Release|Any CPU
		{6A08DE7D-68D7-50DF-C794-8BB9C636827E}.Debug|Any CPU.ActiveCfg = Debug|Any CPU
		{6A08DE7D-68D7-50DF-C794-8BB9C636827E}.Debug|Any CPU.Build.0 = Debug|Any CPU
		{6A08DE7D-68D7-50DF-C794-8BB9C636827E}.Release|Any CPU.ActiveCfg = Release|Any CPU
		{6A08DE7D-68D7-50DF-C794-8BB9C636827E}.Release|Any CPU.Build.0 = Release|Any CPU
		{7F05825E-E608-202B-53BA-1D3397B57956}.Debug|Any CPU.ActiveCfg = Debug|Any CPU
		{7F05825E-E608-202B-53BA-1D3397B57956}.Debug|Any CPU.Build.0 = Debug|Any CPU
		{7F05825E-E608-202B-53BA-1D3397B57956}.Release|Any CPU.ActiveCfg = Release|Any CPU
		{7F05825E-E608-202B-53BA-1D3397B57956}.Release|Any CPU.Build.0 = Release|Any CPU
		{AFCEFC8A-4364-C328-D766-3E39A7304C8C}.Debug|Any CPU.ActiveCfg = Debug|Any CPU
		{AFCEFC8A-4364-C328-D766-3E39A7304C8C}.Debug|Any CPU.Build.0 = Debug|Any CPU
		{AFCEFC8A-4364-C328-D766-3E39A7304C8C}.Release|Any CPU.ActiveCfg = Release|Any CPU
		{AFCEFC8A-4364-C328-D766-3E39A7304C8C}.Release|Any CPU.Build.0 = Release|Any CPU
		{E49E3EB7-F51B-5CEF-BD5C-449501CE8D60}.Debug|Any CPU.ActiveCfg = Debug|Any CPU
		{E49E3EB7-F51B-5CEF-BD5C-449501CE8D60}.Debug|Any CPU.Build.0 = Debug|Any CPU
		{E49E3EB7-F51B-5CEF-BD5C-449501CE8D60}.Release|Any CPU.ActiveCfg = Release|Any CPU
		{E49E3EB7-F51B-5CEF-BD5C-449501CE8D60}.Release|Any CPU.Build.0 = Release|Any CPU
		{E1F2ED5B-B5C7-C2B8-14BC-B9446CE38EB3}.Debug|Any CPU.ActiveCfg = Debug|Any CPU
		{E1F2ED5B-B5C7-C2B8-14BC-B9446CE38EB3}.Debug|Any CPU.Build.0 = Debug|Any CPU
		{E1F2ED5B-B5C7-C2B8-14BC-B9446CE38EB3}.Release|Any CPU.ActiveCfg = Release|Any CPU
		{E1F2ED5B-B5C7-C2B8-14BC-B9446CE38EB3}.Release|Any CPU.Build.0 = Release|Any CPU
		{A4E5F67E-F70D-3FA4-C85A-3B89275355F8}.Debug|Any CPU.ActiveCfg = Debug|Any CPU
		{A4E5F67E-F70D-3FA4-C85A-3B89275355F8}.Debug|Any CPU.Build.0 = Debug|Any CPU
		{A4E5F67E-F70D-3FA4-C85A-3B89275355F8}.Release|Any CPU.ActiveCfg = Release|Any CPU
		{A4E5F67E-F70D-3FA4-C85A-3B89275355F8}.Release|Any CPU.Build.0 = Release|Any CPU
		{B49B4C17-EE5F-FCC6-959B-3FC100BE8424}.Debug|Any CPU.ActiveCfg = Debug|Any CPU
		{B49B4C17-EE5F-FCC6-959B-3FC100BE8424}.Debug|Any CPU.Build.0 = Debug|Any CPU
		{B49B4C17-EE5F-FCC6-959B-3FC100BE8424}.Release|Any CPU.ActiveCfg = Release|Any CPU
		{B49B4C17-EE5F-FCC6-959B-3FC100BE8424}.Release|Any CPU.Build.0 = Release|Any CPU
		{76D6CDDA-4C4B-387E-7912-984A0EE6B365}.Debug|Any CPU.ActiveCfg = Debug|Any CPU
		{76D6CDDA-4C4B-387E-7912-984A0EE6B365}.Debug|Any CPU.Build.0 = Debug|Any CPU
		{76D6CDDA-4C4B-387E-7912-984A0EE6B365}.Release|Any CPU.ActiveCfg = Release|Any CPU
		{76D6CDDA-4C4B-387E-7912-984A0EE6B365}.Release|Any CPU.Build.0 = Release|Any CPU
		{FBA66A29-8424-F252-E6BE-B3F4BEDB1CD9}.Debug|Any CPU.ActiveCfg = Debug|Any CPU
		{FBA66A29-8424-F252-E6BE-B3F4BEDB1CD9}.Debug|Any CPU.Build.0 = Debug|Any CPU
		{FBA66A29-8424-F252-E6BE-B3F4BEDB1CD9}.Release|Any CPU.ActiveCfg = Release|Any CPU
		{FBA66A29-8424-F252-E6BE-B3F4BEDB1CD9}.Release|Any CPU.Build.0 = Release|Any CPU
		{B59D7634-3933-0C64-C847-854642336483}.Debug|Any CPU.ActiveCfg = Debug|Any CPU
		{B59D7634-3933-0C64-C847-854642336483}.Debug|Any CPU.Build.0 = Debug|Any CPU
		{B59D7634-3933-0C64-C847-854642336483}.Release|Any CPU.ActiveCfg = Release|Any CPU
		{B59D7634-3933-0C64-C847-854642336483}.Release|Any CPU.Build.0 = Release|Any CPU
		{EB6043CC-BABD-C655-1763-3A640862B5FF}.Debug|Any CPU.ActiveCfg = Debug|Any CPU
		{EB6043CC-BABD-C655-1763-3A640862B5FF}.Debug|Any CPU.Build.0 = Debug|Any CPU
		{EB6043CC-BABD-C655-1763-3A640862B5FF}.Release|Any CPU.ActiveCfg = Release|Any CPU
		{EB6043CC-BABD-C655-1763-3A640862B5FF}.Release|Any CPU.Build.0 = Release|Any CPU
		{389AE59F-7149-1576-1099-C11662A53480}.Debug|Any CPU.ActiveCfg = Debug|Any CPU
		{389AE59F-7149-1576-1099-C11662A53480}.Debug|Any CPU.Build.0 = Debug|Any CPU
		{389AE59F-7149-1576-1099-C11662A53480}.Release|Any CPU.ActiveCfg = Release|Any CPU
		{389AE59F-7149-1576-1099-C11662A53480}.Release|Any CPU.Build.0 = Release|Any CPU
		{516B8AE4-8905-F954-071F-E6AF16249135}.Debug|Any CPU.ActiveCfg = Debug|Any CPU
		{516B8AE4-8905-F954-071F-E6AF16249135}.Debug|Any CPU.Build.0 = Debug|Any CPU
		{516B8AE4-8905-F954-071F-E6AF16249135}.Release|Any CPU.ActiveCfg = Release|Any CPU
		{516B8AE4-8905-F954-071F-E6AF16249135}.Release|Any CPU.Build.0 = Release|Any CPU
		{7238100F-FEB0-00BA-C906-985E909B064D}.Debug|Any CPU.ActiveCfg = Debug|Any CPU
		{7238100F-FEB0-00BA-C906-985E909B064D}.Debug|Any CPU.Build.0 = Debug|Any CPU
		{7238100F-FEB0-00BA-C906-985E909B064D}.Release|Any CPU.ActiveCfg = Release|Any CPU
		{7238100F-FEB0-00BA-C906-985E909B064D}.Release|Any CPU.Build.0 = Release|Any CPU
		{356CE9C2-0DE1-8F21-ABEC-11AF9AA5729C}.Debug|Any CPU.ActiveCfg = Debug|Any CPU
		{356CE9C2-0DE1-8F21-ABEC-11AF9AA5729C}.Debug|Any CPU.Build.0 = Debug|Any CPU
		{356CE9C2-0DE1-8F21-ABEC-11AF9AA5729C}.Release|Any CPU.ActiveCfg = Release|Any CPU
		{356CE9C2-0DE1-8F21-ABEC-11AF9AA5729C}.Release|Any CPU.Build.0 = Release|Any CPU
		{D4E91F4C-4EFA-90E2-D380-99DB8799FACD}.Debug|Any CPU.ActiveCfg = Debug|Any CPU
		{D4E91F4C-4EFA-90E2-D380-99DB8799FACD}.Debug|Any CPU.Build.0 = Debug|Any CPU
		{D4E91F4C-4EFA-90E2-D380-99DB8799FACD}.Release|Any CPU.ActiveCfg = Release|Any CPU
		{D4E91F4C-4EFA-90E2-D380-99DB8799FACD}.Release|Any CPU.Build.0 = Release|Any CPU
		{844923A3-A4A7-15A6-156B-A5EDF836C6F2}.Debug|Any CPU.ActiveCfg = Debug|Any CPU
		{844923A3-A4A7-15A6-156B-A5EDF836C6F2}.Debug|Any CPU.Build.0 = Debug|Any CPU
		{844923A3-A4A7-15A6-156B-A5EDF836C6F2}.Release|Any CPU.ActiveCfg = Release|Any CPU
		{844923A3-A4A7-15A6-156B-A5EDF836C6F2}.Release|Any CPU.Build.0 = Release|Any CPU
		{9DA4C7D0-5D3D-DF45-F24A-21AE153E9B11}.Debug|Any CPU.ActiveCfg = Debug|Any CPU
		{9DA4C7D0-5D3D-DF45-F24A-21AE153E9B11}.Debug|Any CPU.Build.0 = Debug|Any CPU
		{9DA4C7D0-5D3D-DF45-F24A-21AE153E9B11}.Release|Any CPU.ActiveCfg = Release|Any CPU
		{9DA4C7D0-5D3D-DF45-F24A-21AE153E9B11}.Release|Any CPU.Build.0 = Release|Any CPU
		{112F45FE-129C-BC90-D0E7-80463267BD01}.Debug|Any CPU.ActiveCfg = Debug|Any CPU
		{112F45FE-129C-BC90-D0E7-80463267BD01}.Debug|Any CPU.Build.0 = Debug|Any CPU
		{112F45FE-129C-BC90-D0E7-80463267BD01}.Release|Any CPU.ActiveCfg = Release|Any CPU
		{112F45FE-129C-BC90-D0E7-80463267BD01}.Release|Any CPU.Build.0 = Release|Any CPU
		{419390E6-920A-FA03-EDBC-71AFAFB60EDA}.Debug|Any CPU.ActiveCfg = Debug|Any CPU
		{419390E6-920A-FA03-EDBC-71AFAFB60EDA}.Debug|Any CPU.Build.0 = Debug|Any CPU
		{419390E6-920A-FA03-EDBC-71AFAFB60EDA}.Release|Any CPU.ActiveCfg = Release|Any CPU
		{419390E6-920A-FA03-EDBC-71AFAFB60EDA}.Release|Any CPU.Build.0 = Release|Any CPU
		{1B40972E-341E-1EAC-AD15-89547E43631F}.Debug|Any CPU.ActiveCfg = Debug|Any CPU
		{1B40972E-341E-1EAC-AD15-89547E43631F}.Debug|Any CPU.Build.0 = Debug|Any CPU
		{1B40972E-341E-1EAC-AD15-89547E43631F}.Release|Any CPU.ActiveCfg = Release|Any CPU
		{1B40972E-341E-1EAC-AD15-89547E43631F}.Release|Any CPU.Build.0 = Release|Any CPU
		{4658DD22-C65F-DFBF-853F-A606726E6344}.Debug|Any CPU.ActiveCfg = Debug|Any CPU
		{4658DD22-C65F-DFBF-853F-A606726E6344}.Debug|Any CPU.Build.0 = Debug|Any CPU
		{4658DD22-C65F-DFBF-853F-A606726E6344}.Release|Any CPU.ActiveCfg = Release|Any CPU
		{4658DD22-C65F-DFBF-853F-A606726E6344}.Release|Any CPU.Build.0 = Release|Any CPU
		{1633B695-85B0-8DE5-EDED-D21BC075A463}.Debug|Any CPU.ActiveCfg = Debug|Any CPU
		{1633B695-85B0-8DE5-EDED-D21BC075A463}.Debug|Any CPU.Build.0 = Debug|Any CPU
		{1633B695-85B0-8DE5-EDED-D21BC075A463}.Release|Any CPU.ActiveCfg = Release|Any CPU
		{1633B695-85B0-8DE5-EDED-D21BC075A463}.Release|Any CPU.Build.0 = Release|Any CPU
	EndGlobalSection
	GlobalSection(SolutionProperties) = preSolution
		HideSolutionNode = FALSE
	EndGlobalSection
EndGlobal
