
Microsoft Visual Studio Solution File, Format Version 12.00
# Visual Studio 15
Project("{FAE04EC0-301F-11D3-BF4B-00C04F79EFBC}") = "Assembly-CSharp", "Assembly-CSharp.csproj", "{5FD67A6F-7F91-E49E-F315-1A55A67FCCE2}"
EndProject
Project("{FAE04EC0-301F-11D3-BF4B-00C04F79EFBC}") = "Assembly-CSharp-Editor", "Assembly-CSharp-Editor.csproj", "{7536AA47-4A92-D373-66B7-F8197E141924}"
EndProject
Global
	GlobalSection(SolutionConfigurationPlatforms) = preSolution
		Debug|Any CPU = Debug|Any CPU
		Release|Any CPU = Release|Any CPU
	EndGlobalSection
	GlobalSection(ProjectConfigurationPlatforms) = postSolution
		{5FD67A6F-7F91-E49E-F315-1A55A67FCCE2}.Debug|Any CPU.ActiveCfg = Debug|Any CPU
		{5FD67A6F-7F91-E49E-F315-1A55A67FCCE2}.Debug|Any CPU.Build.0 = Debug|Any CPU
		{5FD67A6F-7F91-E49E-F315-1A55A67FCCE2}.Release|Any CPU.ActiveCfg = Release|Any CPU
		{5FD67A6F-7F91-E49E-F315-1A55A67FCCE2}.Release|Any CPU.Build.0 = Release|Any CPU
		{7536AA47-4A92-D373-66B7-F8197E141924}.Debug|Any CPU.ActiveCfg = Debug|Any CPU
		{7536AA47-4A92-D373-66B7-F8197E141924}.Debug|Any CPU.Build.0 = Debug|Any CPU
		{7536AA47-4A92-D373-66B7-F8197E141924}.Release|Any CPU.ActiveCfg = Release|Any CPU
		{7536AA47-4A92-D373-66B7-F8197E141924}.Release|Any CPU.Build.0 = Release|Any CPU
	EndGlobalSection
	GlobalSection(SolutionProperties) = preSolution
		HideSolutionNode = FALSE
	EndGlobalSection
EndGlobal
